
Microsoft Visual Studio Solution File, Format Version 12.00
# Visual Studio 2013
VisualStudioVersion = 12.0.30110.0
MinimumVisualStudioVersion = 10.0.40219.1
Project("{2150E333-8FDC-42A3-9474-1A3956D46DE8}") = ".nuget", ".nuget", "{8807FA5C-15D9-4AAF-9A41-F231CEF3656F}"
	ProjectSection(SolutionItems) = preProject
		.nuget\NuGet.Config = .nuget\NuGet.Config
		.nuget\NuGet.exe = .nuget\NuGet.exe
		.nuget\NuGet.targets = .nuget\NuGet.targets
	EndProjectSection
EndProject
Project("{FAE04EC0-301F-11D3-BF4B-00C04F79EFBC}") = "eVision.Desktop.UI", "eVision.Desktop.UI\eVision.Desktop.UI.csproj", "{9CDE89E9-9A1F-4FC8-923A-D99273536884}"
EndProject
Project("{FAE04EC0-301F-11D3-BF4B-00C04F79EFBC}") = "eVision.Desktop", "eVision.Desktop\eVision.Desktop.csproj", "{35EECB50-898A-4B40-9EAB-D6F11CF57CD7}"
EndProject
Global
	GlobalSection(SolutionConfigurationPlatforms) = preSolution
		Debug|Any CPU = Debug|Any CPU
		Release|Any CPU = Release|Any CPU
	EndGlobalSection
	GlobalSection(ProjectConfigurationPlatforms) = postSolution
		{9CDE89E9-9A1F-4FC8-923A-D99273536884}.Debug|Any CPU.ActiveCfg = Debug|Any CPU
		{9CDE89E9-9A1F-4FC8-923A-D99273536884}.Debug|Any CPU.Build.0 = Debug|Any CPU
		{9CDE89E9-9A1F-4FC8-923A-D99273536884}.Release|Any CPU.ActiveCfg = Release|Any CPU
		{9CDE89E9-9A1F-4FC8-923A-D99273536884}.Release|Any CPU.Build.0 = Release|Any CPU
		{35EECB50-898A-4B40-9EAB-D6F11CF57CD7}.Debug|Any CPU.ActiveCfg = Debug|Any CPU
		{35EECB50-898A-4B40-9EAB-D6F11CF57CD7}.Debug|Any CPU.Build.0 = Debug|Any CPU
		{35EECB50-898A-4B40-9EAB-D6F11CF57CD7}.Release|Any CPU.ActiveCfg = Release|Any CPU
		{35EECB50-898A-4B40-9EAB-D6F11CF57CD7}.Release|Any CPU.Build.0 = Release|Any CPU
	EndGlobalSection
	GlobalSection(SolutionProperties) = preSolution
		HideSolutionNode = FALSE
	EndGlobalSection
EndGlobal
